<?xml version="1.0" encoding="utf-8"?>
<Project ToolsVersion="4.0" xmlns="http://schemas.microsoft.com/developer/msbuild/2003">
  <ItemGroup>
    <Filter Include="inc">
      <UniqueIdentifier>{01fa4181-373e-4e54-83ff-95b75930b49e}</UniqueIdentifier>
    </Filter>
    <Filter Include="src">
      <UniqueIdentifier>{88dffe5b-2e3e-4cb3-b858-f6a8adc9877f}</UniqueIdentifier>
    </Filter>
  </ItemGroup>
  <ItemGroup>
    <ClInclude Include="inc\game.h">
      <Filter>inc</Filter>
    </ClInclude>
    <ClInclude Include="inc\Paddle.h">
      <Filter>inc</Filter>
    </ClInclude>
    <ClInclude Include="inc\surface.h">
      <Filter>inc</Filter>
    </ClInclude>
    <ClInclude Include="inc\template.h">
      <Filter>inc</Filter>
    </ClInclude>
    <ClInclude Include="inc\Ball.h">
      <Filter>inc</Filter>
    </ClInclude>
    <ClInclude Include="inc\Brick.h">
      <Filter>inc</Filter>
    </ClInclude>
    <ClInclude Include="inc\Collectables.h">
      <Filter>inc</Filter>
    </ClInclude>
    <ClInclude Include="inc\Menu.h">
      <Filter>inc</Filter>
    </ClInclude>
    <ClInclude Include="inc\Level.h">
      <Filter>inc</Filter>
    </ClInclude>
  </ItemGroup>
  <ItemGroup>
    <ClCompile Include="src\game.cpp">
      <Filter>src</Filter>
    </ClCompile>
    <ClCompile Include="src\surface.cpp">
      <Filter>src</Filter>
    </ClCompile>
    <ClCompile Include="src\template.cpp">
      <Filter>src</Filter>
    </ClCompile>
    <ClCompile Include="inc\Paddle.cpp">
      <Filter>src</Filter>
    </ClCompile>
    <ClCompile Include="src\Ball.cpp">
      <Filter>src</Filter>
    </ClCompile>
    <ClCompile Include="src\Brick.cpp">
      <Filter>src</Filter>
    </ClCompile>
    <ClCompile Include="src\Collectables.cpp">
      <Filter>src</Filter>
    </ClCompile>
    <ClCompile Include="src\Menu.cpp">
      <Filter>src</Filter>
    </ClCompile>
    <ClCompile Include="src\Level.cpp">
      <Filter>src</Filter>
    </ClCompile>
  </ItemGroup>
</Project>